{
  "nodes": {
    "root": {
      "inputs": {
        "tidepool": "tidepool"
      }
    },
    "tidepool": {
      "locked": {
        "dir": "tidepool",
        "lastModified": 1759776741,
        "narHash": "sha256-Uc/5pd+H+kbD56PhsyTVjrKIFrnvfq4cW8u1N6XoxYA=",
        "ref": "update-foundation-10-6-25",
        "rev": "85bcf6ce53f6af554c8f5b1365dc9ef40c1aa955",
        "revCount": 123,
        "type": "git",
        "url": "https://git.auxolotl.org/pmc/labs.git"
      },
      "original": {
        "dir": "tidepool",
        "ref": "update-foundation-10-6-25",
        "type": "git",
        "url": "https://git.auxolotl.org/pmc/labs.git"
      }
    }
  },
  "root": "root",
  "version": 7
}
